
Microsoft Visual Studio Solution File, Format Version 12.00
# Visual Studio 15
VisualStudioVersion = 15.0.28307.572
MinimumVisualStudioVersion = 10.0.40219.1
Project("{8BC9CEB8-8B4A-11D0-8D11-00A0C91BC942}") = "bool3d", "bool3d\bool3d.vcxproj", "{2A4A7647-5C0D-44F2-BB2A-62F9C7015E07}"
EndProject
Global
	GlobalSection(SolutionConfigurationPlatforms) = preSolution
		Debug|x64 = Debug|x64
		Debug|x86 = Debug|x86
		Release|x64 = Release|x64
		Release|x86 = Release|x86
	EndGlobalSection
	GlobalSection(ProjectConfigurationPlatforms) = postSolution
		{2A4A7647-5C0D-44F2-BB2A-62F9C7015E07}.Debug|x64.ActiveCfg = Debug|x64
		{2A4A7647-5C0D-44F2-BB2A-62F9C7015E07}.Debug|x64.Build.0 = Debug|x64
		{2A4A7647-5C0D-44F2-BB2A-62F9C7015E07}.Debug|x86.ActiveCfg = Debug|Win32
		{2A4A7647-5C0D-44F2-BB2A-62F9C7015E07}.Debug|x86.Build.0 = Debug|Win32
		{2A4A7647-5C0D-44F2-BB2A-62F9C7015E07}.Release|x64.ActiveCfg = Release|x64
		{2A4A7647-5C0D-44F2-BB2A-62F9C7015E07}.Release|x64.Build.0 = Release|x64
		{2A4A7647-5C0D-44F2-BB2A-62F9C7015E07}.Release|x86.ActiveCfg = Release|Win32
		{2A4A7647-5C0D-44F2-BB2A-62F9C7015E07}.Release|x86.Build.0 = Release|Win32
	EndGlobalSection
	GlobalSection(SolutionProperties) = preSolution
		HideSolutionNode = FALSE
	EndGlobalSection
	GlobalSection(ExtensibilityGlobals) = postSolution
		SolutionGuid = {439C21F3-AF60-4523-8254-9A8FE57729BF}
	EndGlobalSection
EndGlobal
